
Microsoft Visual Studio Solution File, Format Version 12.00
# Visual Studio Version 17
Project("{2150E333-8FDC-42A3-9474-1A3956D46DE8}") = "CMakePredefinedTargets", "CMakePredefinedTargets", "{57F66BB3-2C4D-373C-A7BC-524E3BACC2A2}"
EndProject
Project("{8BC9CEB8-8B4A-11D0-8D11-00A0C91BC942}") = "ALL_BUILD", "ALL_BUILD.vcxproj", "{227C5149-8E72-3DEF-B3E7-5FB9950763CC}"
	ProjectSection(ProjectDependencies) = postProject
		{449B3CE4-EDE9-35EE-9145-779D6203F5FC} = {449B3CE4-EDE9-35EE-9145-779D6203F5FC}
		{5350BA1C-93EC-3547-9C2B-77199B17DE66} = {5350BA1C-93EC-3547-9C2B-77199B17DE66}
	EndProjectSection
EndProject
Project("{8BC9CEB8-8B4A-11D0-8D11-00A0C91BC942}") = "CoretexNgin", "CoretexNgin.vcxproj", "{449B3CE4-EDE9-35EE-9145-779D6203F5FC}"
	ProjectSection(ProjectDependencies) = postProject
		{5350BA1C-93EC-3547-9C2B-77199B17DE66} = {5350BA1C-93EC-3547-9C2B-77199B17DE66}
	EndProjectSection
EndProject
Project("{8BC9CEB8-8B4A-11D0-8D11-00A0C91BC942}") = "ZERO_CHECK", "ZERO_CHECK.vcxproj", "{5350BA1C-93EC-3547-9C2B-77199B17DE66}"
	ProjectSection(ProjectDependencies) = postProject
	EndProjectSection
EndProject
Global
	GlobalSection(SolutionConfigurationPlatforms) = preSolution
		Debug|x64 = Debug|x64
		Release|x64 = Release|x64
	EndGlobalSection
	GlobalSection(ProjectConfigurationPlatforms) = postSolution
		{227C5149-8E72-3DEF-B3E7-5FB9950763CC}.Debug|x64.ActiveCfg = Debug|x64
		{227C5149-8E72-3DEF-B3E7-5FB9950763CC}.Release|x64.ActiveCfg = Release|x64
		{449B3CE4-EDE9-35EE-9145-779D6203F5FC}.Debug|x64.ActiveCfg = Debug|x64
		{449B3CE4-EDE9-35EE-9145-779D6203F5FC}.Debug|x64.Build.0 = Debug|x64
		{449B3CE4-EDE9-35EE-9145-779D6203F5FC}.Release|x64.ActiveCfg = Release|x64
		{449B3CE4-EDE9-35EE-9145-779D6203F5FC}.Release|x64.Build.0 = Release|x64
		{5350BA1C-93EC-3547-9C2B-77199B17DE66}.Debug|x64.ActiveCfg = Debug|x64
		{5350BA1C-93EC-3547-9C2B-77199B17DE66}.Debug|x64.Build.0 = Debug|x64
		{5350BA1C-93EC-3547-9C2B-77199B17DE66}.Release|x64.ActiveCfg = Release|x64
		{5350BA1C-93EC-3547-9C2B-77199B17DE66}.Release|x64.Build.0 = Release|x64
	EndGlobalSection
	GlobalSection(NestedProjects) = preSolution
		{227C5149-8E72-3DEF-B3E7-5FB9950763CC} = {57F66BB3-2C4D-373C-A7BC-524E3BACC2A2}
		{5350BA1C-93EC-3547-9C2B-77199B17DE66} = {57F66BB3-2C4D-373C-A7BC-524E3BACC2A2}
	EndGlobalSection
	GlobalSection(ExtensibilityGlobals) = postSolution
		SolutionGuid = {DDC4811E-D7A5-3ECD-8D82-12E68AE22A4A}
	EndGlobalSection
	GlobalSection(ExtensibilityAddIns) = postSolution
	EndGlobalSection
EndGlobal
