<?xml version="1.0" encoding="utf-8"?>
<Project ToolsVersion="17.0" xmlns="http://schemas.microsoft.com/developer/msbuild/2003">
  <ItemGroup>
    <ClCompile Include="C:\Users\anton\source\repos\LearnOpenGL\src\Camera.cpp" />
    <ClCompile Include="C:\Users\anton\source\repos\LearnOpenGL\src\EBO.cpp" />
    <ClCompile Include="C:\Users\anton\source\repos\LearnOpenGL\src\Indices.cpp" />
    <ClCompile Include="C:\Users\anton\source\repos\LearnOpenGL\src\PerlinNoise.cpp" />
    <ClCompile Include="C:\Users\anton\source\repos\LearnOpenGL\src\Renderer.cpp" />
    <ClCompile Include="C:\Users\anton\source\repos\LearnOpenGL\src\Shader.cpp" />
    <ClCompile Include="C:\Users\anton\source\repos\LearnOpenGL\src\Texture.cpp" />
    <ClCompile Include="C:\Users\anton\source\repos\LearnOpenGL\src\TextureArray.cpp" />
    <ClCompile Include="C:\Users\anton\source\repos\LearnOpenGL\src\VAO.cpp" />
    <ClCompile Include="C:\Users\anton\source\repos\LearnOpenGL\src\VBO.cpp" />
    <ClCompile Include="C:\Users\anton\source\repos\LearnOpenGL\src\Vertices.cpp" />
    <ClCompile Include="C:\Users\anton\source\repos\LearnOpenGL\src\WorldManager.cpp" />
    <ClCompile Include="C:\Users\anton\source\repos\LearnOpenGL\src\glad.c" />
    <ClCompile Include="C:\Users\anton\source\repos\LearnOpenGL\src\main.cpp" />
    <ClCompile Include="C:\Users\anton\source\repos\LearnOpenGL\src\stb.cpp" />
  </ItemGroup>
  <ItemGroup>
    <ClInclude Include="C:\Users\anton\source\repos\LearnOpenGL\src\Camera.h" />
    <ClInclude Include="C:\Users\anton\source\repos\LearnOpenGL\src\EBO.h" />
    <ClInclude Include="C:\Users\anton\source\repos\LearnOpenGL\src\Indices.h" />
    <ClInclude Include="C:\Users\anton\source\repos\LearnOpenGL\src\Indices.inl" />
    <ClInclude Include="C:\Users\anton\source\repos\LearnOpenGL\src\PerlinNoise.h" />
    <ClInclude Include="C:\Users\anton\source\repos\LearnOpenGL\src\Renderer.h" />
    <ClInclude Include="C:\Users\anton\source\repos\LearnOpenGL\src\Shader.h" />
    <ClInclude Include="C:\Users\anton\source\repos\LearnOpenGL\src\Texture.h" />
    <ClInclude Include="C:\Users\anton\source\repos\LearnOpenGL\src\TextureArray.h" />
    <ClInclude Include="C:\Users\anton\source\repos\LearnOpenGL\src\VAO.h" />
    <ClInclude Include="C:\Users\anton\source\repos\LearnOpenGL\src\VBO.h" />
    <ClInclude Include="C:\Users\anton\source\repos\LearnOpenGL\src\Vertices.h" />
    <ClInclude Include="C:\Users\anton\source\repos\LearnOpenGL\src\Vertices.inl" />
    <ClInclude Include="C:\Users\anton\source\repos\LearnOpenGL\src\WorldManager.h" />
  </ItemGroup>
  <ItemGroup>
    <CustomBuild Include="C:\Users\anton\source\repos\LearnOpenGL\CMakeLists.txt" />
  </ItemGroup>
  <ItemGroup>
    <None Include="C:\Users\anton\source\repos\LearnOpenGL\src\default.frag" />
    <None Include="C:\Users\anton\source\repos\LearnOpenGL\src\default.vert" />
  </ItemGroup>
  <ItemGroup>
  </ItemGroup>
</Project>
