<?xml version="1.0" encoding="utf-8"?>
<Project ToolsVersion="17.0" xmlns="http://schemas.microsoft.com/developer/msbuild/2003">
  <ItemGroup>
    <ClCompile Include="C:\Users\anton\source\repos\LearnOpenGL\src\Core\Buffers\EBO.cpp">
      <Filter>Core\Buffers</Filter>
    </ClCompile>
    <ClCompile Include="C:\Users\anton\source\repos\LearnOpenGL\src\Core\Buffers\VAO.cpp">
      <Filter>Core\Buffers</Filter>
    </ClCompile>
    <ClCompile Include="C:\Users\anton\source\repos\LearnOpenGL\src\Core\Buffers\VBO.cpp">
      <Filter>Core\Buffers</Filter>
    </ClCompile>
    <ClCompile Include="C:\Users\anton\source\repos\LearnOpenGL\src\Core\Graphics\Camera\Camera.cpp">
      <Filter>Core\Graphics\Camera</Filter>
    </ClCompile>
    <ClCompile Include="C:\Users\anton\source\repos\LearnOpenGL\src\Core\Graphics\Render\Helpers\Indices.cpp">
      <Filter>Core\Graphics\Render\Helpers</Filter>
    </ClCompile>
    <ClCompile Include="C:\Users\anton\source\repos\LearnOpenGL\src\Core\Graphics\Render\Helpers\Vertices.cpp">
      <Filter>Core\Graphics\Render\Helpers</Filter>
    </ClCompile>
    <ClCompile Include="C:\Users\anton\source\repos\LearnOpenGL\src\Core\Graphics\Render\Renderer.cpp">
      <Filter>Core\Graphics\Render</Filter>
    </ClCompile>
    <ClCompile Include="C:\Users\anton\source\repos\LearnOpenGL\src\Core\Graphics\Shader\Shader.cpp">
      <Filter>Core\Graphics\Shader</Filter>
    </ClCompile>
    <ClCompile Include="C:\Users\anton\source\repos\LearnOpenGL\src\Core\Graphics\Texture\Texture.cpp">
      <Filter>Core\Graphics\Texture</Filter>
    </ClCompile>
    <ClCompile Include="C:\Users\anton\source\repos\LearnOpenGL\src\Core\Graphics\Texture\TextureArray.cpp">
      <Filter>Core\Graphics\Texture</Filter>
    </ClCompile>
    <ClCompile Include="C:\Users\anton\source\repos\LearnOpenGL\src\Core\Utils\PerlinNoise.cpp">
      <Filter>Core\Utils</Filter>
    </ClCompile>
    <ClCompile Include="C:\Users\anton\source\repos\LearnOpenGL\src\Core\Utils\stb.cpp">
      <Filter>Core\Utils</Filter>
    </ClCompile>
    <ClCompile Include="C:\Users\anton\source\repos\LearnOpenGL\src\Game\Block\Block.cpp">
      <Filter>Game\Block</Filter>
    </ClCompile>
    <ClCompile Include="C:\Users\anton\source\repos\LearnOpenGL\src\Game\World\WorldManager.cpp">
      <Filter>Game\World</Filter>
    </ClCompile>
    <ClCompile Include="C:\Users\anton\source\repos\LearnOpenGL\src\glad.c" />
    <ClCompile Include="C:\Users\anton\source\repos\LearnOpenGL\src\main.cpp" />
  </ItemGroup>
  <ItemGroup>
    <ClInclude Include="C:\Users\anton\source\repos\LearnOpenGL\src\Core\Buffers\EBO.h">
      <Filter>Core\Buffers</Filter>
    </ClInclude>
    <ClInclude Include="C:\Users\anton\source\repos\LearnOpenGL\src\Core\Buffers\VAO.h">
      <Filter>Core\Buffers</Filter>
    </ClInclude>
    <ClInclude Include="C:\Users\anton\source\repos\LearnOpenGL\src\Core\Buffers\VBO.h">
      <Filter>Core\Buffers</Filter>
    </ClInclude>
    <ClInclude Include="C:\Users\anton\source\repos\LearnOpenGL\src\Core\Graphics\Camera\Camera.h">
      <Filter>Core\Graphics\Camera</Filter>
    </ClInclude>
    <ClInclude Include="C:\Users\anton\source\repos\LearnOpenGL\src\Core\Graphics\Render\Helpers\Indices.h">
      <Filter>Core\Graphics\Render\Helpers</Filter>
    </ClInclude>
    <ClInclude Include="C:\Users\anton\source\repos\LearnOpenGL\src\Core\Graphics\Render\Helpers\Indices.inl">
      <Filter>Core\Graphics\Render\Helpers</Filter>
    </ClInclude>
    <ClInclude Include="C:\Users\anton\source\repos\LearnOpenGL\src\Core\Graphics\Render\Helpers\Vertices.h">
      <Filter>Core\Graphics\Render\Helpers</Filter>
    </ClInclude>
    <ClInclude Include="C:\Users\anton\source\repos\LearnOpenGL\src\Core\Graphics\Render\Helpers\Vertices.inl">
      <Filter>Core\Graphics\Render\Helpers</Filter>
    </ClInclude>
    <ClInclude Include="C:\Users\anton\source\repos\LearnOpenGL\src\Core\Graphics\Render\Renderer.h">
      <Filter>Core\Graphics\Render</Filter>
    </ClInclude>
    <ClInclude Include="C:\Users\anton\source\repos\LearnOpenGL\src\Core\Graphics\Shader\Shader.h">
      <Filter>Core\Graphics\Shader</Filter>
    </ClInclude>
    <ClInclude Include="C:\Users\anton\source\repos\LearnOpenGL\src\Core\Graphics\Texture\Texture.h">
      <Filter>Core\Graphics\Texture</Filter>
    </ClInclude>
    <ClInclude Include="C:\Users\anton\source\repos\LearnOpenGL\src\Core\Graphics\Texture\TextureArray.h">
      <Filter>Core\Graphics\Texture</Filter>
    </ClInclude>
    <ClInclude Include="C:\Users\anton\source\repos\LearnOpenGL\src\Core\Utils\PerlinNoise.h">
      <Filter>Core\Utils</Filter>
    </ClInclude>
    <ClInclude Include="C:\Users\anton\source\repos\LearnOpenGL\src\Game\Block\Block.h">
      <Filter>Game\Block</Filter>
    </ClInclude>
    <ClInclude Include="C:\Users\anton\source\repos\LearnOpenGL\src\Game\Block\BlockTypes.h">
      <Filter>Game\Block</Filter>
    </ClInclude>
    <ClInclude Include="C:\Users\anton\source\repos\LearnOpenGL\src\Game\World\WorldManager.h">
      <Filter>Game\World</Filter>
    </ClInclude>
  </ItemGroup>
  <ItemGroup>
    <CustomBuild Include="C:\Users\anton\source\repos\LearnOpenGL\CMakeLists.txt" />
  </ItemGroup>
  <ItemGroup>
    <None Include="C:\Users\anton\source\repos\LearnOpenGL\src\Core\Graphics\Shader\Shaders\default.frag">
      <Filter>Core\Graphics\Shader\Shaders</Filter>
    </None>
    <None Include="C:\Users\anton\source\repos\LearnOpenGL\src\Core\Graphics\Shader\Shaders\default.vert">
      <Filter>Core\Graphics\Shader\Shaders</Filter>
    </None>
  </ItemGroup>
  <ItemGroup>
    <Filter Include="Core">
      <UniqueIdentifier>{87EC62AD-84D0-3B58-BAB3-1265ACE64BD3}</UniqueIdentifier>
    </Filter>
    <Filter Include="Core\Buffers">
      <UniqueIdentifier>{F3CE6C49-0C31-35F9-B148-217A2130BF9B}</UniqueIdentifier>
    </Filter>
    <Filter Include="Core\Graphics">
      <UniqueIdentifier>{24C3E4CD-61BA-3812-B635-815FBE052221}</UniqueIdentifier>
    </Filter>
    <Filter Include="Core\Graphics\Camera">
      <UniqueIdentifier>{9966FAF9-CCEC-3A62-8D7B-79DF01179A62}</UniqueIdentifier>
    </Filter>
    <Filter Include="Core\Graphics\Render">
      <UniqueIdentifier>{F41F42BA-1F3F-3FBE-BEB9-1F5DCF3B1E5C}</UniqueIdentifier>
    </Filter>
    <Filter Include="Core\Graphics\Render\Helpers">
      <UniqueIdentifier>{B9030086-C632-360D-951B-0D8FD489F417}</UniqueIdentifier>
    </Filter>
    <Filter Include="Core\Graphics\Shader">
      <UniqueIdentifier>{78F50BBF-8074-3E14-AC0D-5962286D5F37}</UniqueIdentifier>
    </Filter>
    <Filter Include="Core\Graphics\Shader\Shaders">
      <UniqueIdentifier>{A33E6A4C-510F-3920-80B2-3BC2EF6513B4}</UniqueIdentifier>
    </Filter>
    <Filter Include="Core\Graphics\Texture">
      <UniqueIdentifier>{FC388E78-F8A5-3874-BC9D-11E566BDAEE8}</UniqueIdentifier>
    </Filter>
    <Filter Include="Core\Utils">
      <UniqueIdentifier>{B1200C11-F705-37CD-A2A5-2ECAD0412FF9}</UniqueIdentifier>
    </Filter>
    <Filter Include="Game">
      <UniqueIdentifier>{8BFE6B1D-2589-3344-A331-85BB04C1F930}</UniqueIdentifier>
    </Filter>
    <Filter Include="Game\Block">
      <UniqueIdentifier>{4B7CE213-7388-3D70-A142-B2C3A362FB13}</UniqueIdentifier>
    </Filter>
    <Filter Include="Game\World">
      <UniqueIdentifier>{72F89EB6-60F7-36BA-8B32-96F6AD859FD6}</UniqueIdentifier>
    </Filter>
  </ItemGroup>
</Project>
