
Microsoft Visual Studio Solution File, Format Version 12.00
# Visual Studio Version 17
Project("{2150E333-8FDC-42A3-9474-1A3956D46DE8}") = "CMakePredefinedTargets", "CMakePredefinedTargets", "{73F5F682-EFCB-3040-8E02-4007DE997D8D}"
EndProject
Project("{8BC9CEB8-8B4A-11D0-8D11-00A0C91BC942}") = "ALL_BUILD", "ALL_BUILD.vcxproj", "{4C28DB71-C69B-3588-8005-DB900C11F228}"
	ProjectSection(ProjectDependencies) = postProject
		{E57F351F-E092-330B-914E-9B1BF3A18E7D} = {E57F351F-E092-330B-914E-9B1BF3A18E7D}
		{17831735-2EA5-37E5-AAC6-1B25245AAA34} = {17831735-2EA5-37E5-AAC6-1B25245AAA34}
	EndProjectSection
EndProject
Project("{8BC9CEB8-8B4A-11D0-8D11-00A0C91BC942}") = "LearnOpenGL", "LearnOpenGL.vcxproj", "{E57F351F-E092-330B-914E-9B1BF3A18E7D}"
	ProjectSection(ProjectDependencies) = postProject
		{17831735-2EA5-37E5-AAC6-1B25245AAA34} = {17831735-2EA5-37E5-AAC6-1B25245AAA34}
	EndProjectSection
EndProject
Project("{8BC9CEB8-8B4A-11D0-8D11-00A0C91BC942}") = "ZERO_CHECK", "ZERO_CHECK.vcxproj", "{17831735-2EA5-37E5-AAC6-1B25245AAA34}"
	ProjectSection(ProjectDependencies) = postProject
	EndProjectSection
EndProject
Global
	GlobalSection(SolutionConfigurationPlatforms) = preSolution
		Debug|x64 = Debug|x64
		Release|x64 = Release|x64
	EndGlobalSection
	GlobalSection(ProjectConfigurationPlatforms) = postSolution
		{4C28DB71-C69B-3588-8005-DB900C11F228}.Debug|x64.ActiveCfg = Debug|x64
		{4C28DB71-C69B-3588-8005-DB900C11F228}.Release|x64.ActiveCfg = Release|x64
		{E57F351F-E092-330B-914E-9B1BF3A18E7D}.Debug|x64.ActiveCfg = Debug|x64
		{E57F351F-E092-330B-914E-9B1BF3A18E7D}.Debug|x64.Build.0 = Debug|x64
		{E57F351F-E092-330B-914E-9B1BF3A18E7D}.Release|x64.ActiveCfg = Release|x64
		{E57F351F-E092-330B-914E-9B1BF3A18E7D}.Release|x64.Build.0 = Release|x64
		{17831735-2EA5-37E5-AAC6-1B25245AAA34}.Debug|x64.ActiveCfg = Debug|x64
		{17831735-2EA5-37E5-AAC6-1B25245AAA34}.Debug|x64.Build.0 = Debug|x64
		{17831735-2EA5-37E5-AAC6-1B25245AAA34}.Release|x64.ActiveCfg = Release|x64
		{17831735-2EA5-37E5-AAC6-1B25245AAA34}.Release|x64.Build.0 = Release|x64
	EndGlobalSection
	GlobalSection(NestedProjects) = preSolution
		{4C28DB71-C69B-3588-8005-DB900C11F228} = {73F5F682-EFCB-3040-8E02-4007DE997D8D}
		{17831735-2EA5-37E5-AAC6-1B25245AAA34} = {73F5F682-EFCB-3040-8E02-4007DE997D8D}
	EndGlobalSection
	GlobalSection(ExtensibilityGlobals) = postSolution
		SolutionGuid = {08C3B1DB-BB0E-3EF3-BA56-C16ECBB2E8C3}
	EndGlobalSection
	GlobalSection(ExtensibilityAddIns) = postSolution
	EndGlobalSection
EndGlobal
